{
  "requires": true,
  "lockfileVersion": 1,
  "dependencies": {
    "eva-icons": {
      "version": "1.1.1",
      "resolved": "https://registry.npmjs.org/eva-icons/-/eva-icons-1.1.1.tgz",
      "integrity": "sha512-Uf7JQMA1lWQLLtHuk1lbMlwP4i3W0jjTy5SCYBGeR6DLPub5Ls2QiJlVT59llphVObXSVwaMuofevwgUZWf1CQ=="
    }
  }
}
